{
    "name": "my-node-app",
    "version": "1.0.0",
    "lockfileVersion": 2,
    "dependencies": {
      "http": {
        "version": "0.0.1",
        "resolved": "https://registry.npmjs.org/http/-/http-0.0.1.tgz",
        "integrity": "sha1-7vsuA1+I+oyYBMCNIeSOAvyFEu8=",
        "dev": true
      }
    }
  }
  